
Microsoft Visual Studio Solution File, Format Version 12.00
# Visual Studio Version 16
VisualStudioVersion = 16.0.30717.126
MinimumVisualStudioVersion = 10.0.40219.1
Project("{FAE04EC0-301F-11D3-BF4B-00C04F79EFBC}") = "AutoStore", "AutoStore.csproj", "{EBAD782D-CBD8-4A73-9056-16A646433988}"
EndProject
Global
	GlobalSection(SolutionConfigurationPlatforms) = preSolution
		Debug|x64 = Debug|x64
	EndGlobalSection
	GlobalSection(ProjectConfigurationPlatforms) = postSolution
		{EBAD782D-CBD8-4A73-9056-16A646433988}.Debug|x64.ActiveCfg = Debug|x64
		{EBAD782D-CBD8-4A73-9056-16A646433988}.Debug|x64.Build.0 = Debug|x64
	EndGlobalSection
	GlobalSection(SolutionProperties) = preSolution
		HideSolutionNode = FALSE
	EndGlobalSection
	GlobalSection(ExtensibilityGlobals) = postSolution
		SolutionGuid = {4BE0604D-2E10-49A3-9F22-DC7E397CC74B}
	EndGlobalSection
EndGlobal
